
Microsoft Visual Studio Solution File, Format Version 12.00
# Visual Studio Version 17
VisualStudioVersion = 17.0.32126.317
MinimumVisualStudioVersion = 10.0.40219.1
Project("{FAE04EC0-301F-11D3-BF4B-00C04F79EFBC}") = "FacebookCommentBot", "FacebookCommentBot\FacebookCommentBot.csproj", "{C6EB2B8E-9807-4AD2-952B-58764C983492}"
EndProject
Global
	GlobalSection(SolutionConfigurationPlatforms) = preSolution
		Debug|Any CPU = Debug|Any CPU
		Release|Any CPU = Release|Any CPU
	EndGlobalSection
	GlobalSection(ProjectConfigurationPlatforms) = postSolution
		{C6EB2B8E-9807-4AD2-952B-58764C983492}.Debug|Any CPU.ActiveCfg = Debug|Any CPU
		{C6EB2B8E-9807-4AD2-952B-58764C983492}.Debug|Any CPU.Build.0 = Debug|Any CPU
		{C6EB2B8E-9807-4AD2-952B-58764C983492}.Release|Any CPU.ActiveCfg = Release|Any CPU
		{C6EB2B8E-9807-4AD2-952B-58764C983492}.Release|Any CPU.Build.0 = Release|Any CPU
	EndGlobalSection
	GlobalSection(SolutionProperties) = preSolution
		HideSolutionNode = FALSE
	EndGlobalSection
	GlobalSection(ExtensibilityGlobals) = postSolution
		SolutionGuid = {4A480FE1-4451-462D-9767-3545B5DDE0DA}
	EndGlobalSection
EndGlobal
